# This file is generated by running "yarn install" inside your project.
# Manual changes might be lost - proceed with caution!

__metadata:
  version: 6
  cacheKey: 8

"@chiubaka/tsconfig@workspace:.":
  version: 0.0.0-use.local
  resolution: "@chiubaka/tsconfig@workspace:."
  dependencies:
    "@tsconfig/recommended": ^1.0.1
    typescript: ^4.7.4
  languageName: unknown
  linkType: soft

"@tsconfig/recommended@npm:^1.0.1":
  version: 1.0.1
  resolution: "@tsconfig/recommended@npm:1.0.1"
  checksum: 5f781e6a26277ee86dd0f1d575d18133627908ddf7c78acdcab0e40d0b7f21f4e1462eb8f98b74cda1d05d15fb3629ceea4c622ee031d62e31e7a99281c49294
  languageName: node
  linkType: hard

"typescript@npm:^4.7.4":
  version: 4.7.4
  resolution: "typescript@npm:4.7.4"
  bin:
    tsc: bin/tsc
    tsserver: bin/tsserver
  checksum: 5750181b1cd7e6482c4195825547e70f944114fb47e58e4aa7553e62f11b3f3173766aef9c281783edfd881f7b8299cf35e3ca8caebe73d8464528c907a164df
  languageName: node
  linkType: hard

"typescript@patch:typescript@^4.7.4#~builtin<compat/typescript>":
  version: 4.7.4
  resolution: "typescript@patch:typescript@npm%3A4.7.4#~builtin<compat/typescript>::version=4.7.4&hash=7ad353"
  bin:
    tsc: bin/tsc
    tsserver: bin/tsserver
  checksum: 9096d8f6c16cb80ef3bf96fcbbd055bf1c4a43bd14f3b7be45a9fbe7ada46ec977f604d5feed3263b4f2aa7d4c7477ce5f9cd87de0d6feedec69a983f3a4f93e
  languageName: node
  linkType: hard
